// !$*UTF8*$!
{
	archiveVersion = 1;
	classes = {
	};
	objectVersion = 46;
	objects = {

/* Begin PBXBuildFile section */
		BC88A29119881051002A59B8 /* Foundation.framework in Frameworks */ = {isa = PBXBuildFile; fileRef = BC88A29019881051002A59B8 /* Foundation.framework */; };
		BC88A29319881051002A59B8 /* CoreGraphics.framework in Frameworks */ = {isa = PBXBuildFile; fileRef = BC88A29219881051002A59B8 /* CoreGraphics.framework */; };
		BC88A29519881051002A59B8 /* UIKit.framework in Frameworks */ = {isa = PBXBuildFile; fileRef = BC88A29419881051002A59B8 /* UIKit.framework */; };
		BC88A29B19881051002A59B8 /* InfoPlist.strings in Resources */ = {isa = PBXBuildFile; fileRef = BC88A29919881051002A59B8 /* InfoPlist.strings */; };
		BC88A29D19881051002A59B8 /* main.m in Sources */ = {isa = PBXBuildFile; fileRef = BC88A29C19881051002A59B8 /* main.m */; };
		BC88A2A119881051002A59B8 /* AVFAppDelegate.m in Sources */ = {isa = PBXBuildFile; fileRef = BC88A2A019881051002A59B8 /* AVFAppDelegate.m */; };
		BC88A2A419881051002A59B8 /* Main.storyboard in Resources */ = {isa = PBXBuildFile; fileRef = BC88A2A219881051002A59B8 /* Main.storyboard */; };
		BC88A2A719881051002A59B8 /* AVFMasterViewController.m in Sources */ = {isa = PBXBuildFile; fileRef = BC88A2A619881051002A59B8 /* AVFMasterViewController.m */; };
		BC88A2AA19881051002A59B8 /* AVFDetailViewController.m in Sources */ = {isa = PBXBuildFile; fileRef = BC88A2A919881051002A59B8 /* AVFDetailViewController.m */; };
		BC88A2AC19881051002A59B8 /* Images.xcassets in Resources */ = {isa = PBXBuildFile; fileRef = BC88A2AB19881051002A59B8 /* Images.xcassets */; };
		BC88A2B319881051002A59B8 /* XCTest.framework in Frameworks */ = {isa = PBXBuildFile; fileRef = BC88A2B219881051002A59B8 /* XCTest.framework */; };
		BC88A2B419881051002A59B8 /* Foundation.framework in Frameworks */ = {isa = PBXBuildFile; fileRef = BC88A29019881051002A59B8 /* Foundation.framework */; };
		BC88A2B519881051002A59B8 /* UIKit.framework in Frameworks */ = {isa = PBXBuildFile; fileRef = BC88A29419881051002A59B8 /* UIKit.framework */; };
		BC88A2BD19881051002A59B8 /* InfoPlist.strings in Resources */ = {isa = PBXBuildFile; fileRef = BC88A2BB19881051002A59B8 /* InfoPlist.strings */; };
		BC88A2BF19881051002A59B8 /* ControllingSourceTests.m in Sources */ = {isa = PBXBuildFile; fileRef = BC88A2BE19881051002A59B8 /* ControllingSourceTests.m */; };
/* End PBXBuildFile section */

/* Begin PBXContainerItemProxy section */
		BC88A2B619881051002A59B8 /* PBXContainerItemProxy */ = {
			isa = PBXContainerItemProxy;
			containerPortal = BC88A28519881051002A59B8 /* Project object */;
			proxyType = 1;
			remoteGlobalIDString = BC88A28C19881051002A59B8;
			remoteInfo = ControllingSource;
		};
/* End PBXContainerItemProxy section */

/* Begin PBXFileReference section */
		BC88A28D19881051002A59B8 /* ControllingSource.app */ = {isa = PBXFileReference; explicitFileType = wrapper.application; includeInIndex = 0; path = ControllingSource.app; sourceTree = BUILT_PRODUCTS_DIR; };
		BC88A29019881051002A59B8 /* Foundation.framework */ = {isa = PBXFileReference; lastKnownFileType = wrapper.framework; name = Foundation.framework; path = System/Library/Frameworks/Foundation.framework; sourceTree = SDKROOT; };
		BC88A29219881051002A59B8 /* CoreGraphics.framework */ = {isa = PBXFileReference; lastKnownFileType = wrapper.framework; name = CoreGraphics.framework; path = System/Library/Frameworks/CoreGraphics.framework; sourceTree = SDKROOT; };
		BC88A29419881051002A59B8 /* UIKit.framework */ = {isa = PBXFileReference; lastKnownFileType = wrapper.framework; name = UIKit.framework; path = System/Library/Frameworks/UIKit.framework; sourceTree = SDKROOT; };
		BC88A29819881051002A59B8 /* ControllingSource-Info.plist */ = {isa = PBXFileReference; lastKnownFileType = text.plist.xml; path = "ControllingSource-Info.plist"; sourceTree = "<group>"; };
		BC88A29A19881051002A59B8 /* en */ = {isa = PBXFileReference; lastKnownFileType = text.plist.strings; name = en; path = en.lproj/InfoPlist.strings; sourceTree = "<group>"; };
		BC88A29C19881051002A59B8 /* main.m */ = {isa = PBXFileReference; lastKnownFileType = sourcecode.c.objc; path = main.m; sourceTree = "<group>"; };
		BC88A29E19881051002A59B8 /* ControllingSource-Prefix.pch */ = {isa = PBXFileReference; lastKnownFileType = sourcecode.c.h; path = "ControllingSource-Prefix.pch"; sourceTree = "<group>"; };
		BC88A29F19881051002A59B8 /* AVFAppDelegate.h */ = {isa = PBXFileReference; lastKnownFileType = sourcecode.c.h; path = AVFAppDelegate.h; sourceTree = "<group>"; };
		BC88A2A019881051002A59B8 /* AVFAppDelegate.m */ = {isa = PBXFileReference; lastKnownFileType = sourcecode.c.objc; path = AVFAppDelegate.m; sourceTree = "<group>"; };
		BC88A2A319881051002A59B8 /* Base */ = {isa = PBXFileReference; lastKnownFileType = file.storyboard; name = Base; path = Base.lproj/Main.storyboard; sourceTree = "<group>"; };
		BC88A2A519881051002A59B8 /* AVFMasterViewController.h */ = {isa = PBXFileReference; lastKnownFileType = sourcecode.c.h; path = AVFMasterViewController.h; sourceTree = "<group>"; };
		BC88A2A619881051002A59B8 /* AVFMasterViewController.m */ = {isa = PBXFileReference; lastKnownFileType = sourcecode.c.objc; path = AVFMasterViewController.m; sourceTree = "<group>"; };
		BC88A2A819881051002A59B8 /* AVFDetailViewController.h */ = {isa = PBXFileReference; lastKnownFileType = sourcecode.c.h; path = AVFDetailViewController.h; sourceTree = "<group>"; };
		BC88A2A919881051002A59B8 /* AVFDetailViewController.m */ = {isa = PBXFileReference; lastKnownFileType = sourcecode.c.objc; path = AVFDetailViewController.m; sourceTree = "<group>"; };
		BC88A2AB19881051002A59B8 /* Images.xcassets */ = {isa = PBXFileReference; lastKnownFileType = folder.assetcatalog; path = Images.xcassets; sourceTree = "<group>"; };
		BC88A2B119881051002A59B8 /* ControllingSourceTests.xctest */ = {isa = PBXFileReference; explicitFileType = wrapper.cfbundle; includeInIndex = 0; path = ControllingSourceTests.xctest; sourceTree = BUILT_PRODUCTS_DIR; };
		BC88A2B219881051002A59B8 /* XCTest.framework */ = {isa = PBXFileReference; lastKnownFileType = wrapper.framework; name = XCTest.framework; path = Library/Frameworks/XCTest.framework; sourceTree = DEVELOPER_DIR; };
		BC88A2BA19881051002A59B8 /* ControllingSourceTests-Info.plist */ = {isa = PBXFileReference; lastKnownFileType = text.plist.xml; path = "ControllingSourceTests-Info.plist"; sourceTree = "<group>"; };
		BC88A2BC19881051002A59B8 /* en */ = {isa = PBXFileReference; lastKnownFileType = text.plist.strings; name = en; path = en.lproj/InfoPlist.strings; sourceTree = "<group>"; };
		BC88A2BE19881051002A59B8 /* ControllingSourceTests.m */ = {isa = PBXFileReference; lastKnownFileType = sourcecode.c.objc; path = ControllingSourceTests.m; sourceTree = "<group>"; };
/* End PBXFileReference section */

/* Begin PBXFrameworksBuildPhase section */
		BC88A28A19881051002A59B8 /* Frameworks */ = {
			isa = PBXFrameworksBuildPhase;
			buildActionMask = 2147483647;
			files = (
				BC88A29319881051002A59B8 /* CoreGraphics.framework in Frameworks */,
				BC88A29519881051002A59B8 /* UIKit.framework in Frameworks */,
				BC88A29119881051002A59B8 /* Foundation.framework in Frameworks */,
			);
			runOnlyForDeploymentPostprocessing = 0;
		};
		BC88A2AE19881051002A59B8 /* Frameworks */ = {
			isa = PBXFrameworksBuildPhase;
			buildActionMask = 2147483647;
			files = (
				BC88A2B319881051002A59B8 /* XCTest.framework in Frameworks */,
				BC88A2B519881051002A59B8 /* UIKit.framework in Frameworks */,
				BC88A2B419881051002A59B8 /* Foundation.framework in Frameworks */,
			);
			runOnlyForDeploymentPostprocessing = 0;
		};
/* End PBXFrameworksBuildPhase section */

/* Begin PBXGroup section */
		BC5A71B2198824CE00D0504D /* view Controllers */ = {
			isa = PBXGroup;
			children = (
				BC88A2A519881051002A59B8 /* AVFMasterViewController.h */,
				BC88A2A619881051002A59B8 /* AVFMasterViewController.m */,
				BC88A2A819881051002A59B8 /* AVFDetailViewController.h */,
				BC88A2A919881051002A59B8 /* AVFDetailViewController.m */,
			);
			name = "view Controllers";
			sourceTree = "<group>";
		};
		BC5A71B31988251A00D0504D /* resources */ = {
			isa = PBXGroup;
			children = (
				BC88A2AB19881051002A59B8 /* Images.xcassets */,
				BC88A2A219881051002A59B8 /* Main.storyboard */,
			);
			name = resources;
			sourceTree = "<group>";
		};
		BC88A28419881051002A59B8 = {
			isa = PBXGroup;
			children = (
				BC88A29619881051002A59B8 /* ControllingSource */,
				BC88A2B819881051002A59B8 /* ControllingSourceTests */,
				BC88A28F19881051002A59B8 /* Frameworks */,
				BC88A28E19881051002A59B8 /* Products */,
			);
			sourceTree = "<group>";
		};
		BC88A28E19881051002A59B8 /* Products */ = {
			isa = PBXGroup;
			children = (
				BC88A28D19881051002A59B8 /* ControllingSource.app */,
				BC88A2B119881051002A59B8 /* ControllingSourceTests.xctest */,
			);
			name = Products;
			sourceTree = "<group>";
		};
		BC88A28F19881051002A59B8 /* Frameworks */ = {
			isa = PBXGroup;
			children = (
				BC88A29019881051002A59B8 /* Foundation.framework */,
				BC88A29219881051002A59B8 /* CoreGraphics.framework */,
				BC88A29419881051002A59B8 /* UIKit.framework */,
				BC88A2B219881051002A59B8 /* XCTest.framework */,
			);
			name = Frameworks;
			sourceTree = "<group>";
		};
		BC88A29619881051002A59B8 /* ControllingSource */ = {
			isa = PBXGroup;
			children = (
				BC88A29F19881051002A59B8 /* AVFAppDelegate.h */,
				BC88A2A019881051002A59B8 /* AVFAppDelegate.m */,
				BC5A71B31988251A00D0504D /* resources */,
				BC5A71B2198824CE00D0504D /* view Controllers */,
				BC88A29719881051002A59B8 /* Supporting Files */,
			);
			path = ControllingSource;
			sourceTree = "<group>";
		};
		BC88A29719881051002A59B8 /* Supporting Files */ = {
			isa = PBXGroup;
			children = (
				BC88A29819881051002A59B8 /* ControllingSource-Info.plist */,
				BC88A29919881051002A59B8 /* InfoPlist.strings */,
				BC88A29C19881051002A59B8 /* main.m */,
				BC88A29E19881051002A59B8 /* ControllingSource-Prefix.pch */,
			);
			name = "Supporting Files";
			sourceTree = "<group>";
		};
		BC88A2B819881051002A59B8 /* ControllingSourceTests */ = {
			isa = PBXGroup;
			children = (
				BC88A2BE19881051002A59B8 /* ControllingSourceTests.m */,
				BC88A2B919881051002A59B8 /* Supporting Files */,
			);
			path = ControllingSourceTests;
			sourceTree = "<group>";
		};
		BC88A2B919881051002A59B8 /* Supporting Files */ = {
			isa = PBXGroup;
			children = (
				BC88A2BA19881051002A59B8 /* ControllingSourceTests-Info.plist */,
				BC88A2BB19881051002A59B8 /* InfoPlist.strings */,
			);
			name = "Supporting Files";
			sourceTree = "<group>";
		};
/* End PBXGroup section */

/* Begin PBXNativeTarget section */
		BC88A28C19881051002A59B8 /* ControllingSource */ = {
			isa = PBXNativeTarget;
			buildConfigurationList = BC88A2C219881051002A59B8 /* Build configuration list for PBXNativeTarget "ControllingSource" */;
			buildPhases = (
				BC88A28919881051002A59B8 /* Sources */,
				BC88A28A19881051002A59B8 /* Frameworks */,
				BC88A28B19881051002A59B8 /* Resources */,
			);
			buildRules = (
			);
			dependencies = (
			);
			name = ControllingSource;
			productName = ControllingSource;
			productReference = BC88A28D19881051002A59B8 /* ControllingSource.app */;
			productType = "com.apple.product-type.application";
		};
		BC88A2B019881051002A59B8 /* ControllingSourceTests */ = {
			isa = PBXNativeTarget;
			buildConfigurationList = BC88A2C519881051002A59B8 /* Build configuration list for PBXNativeTarget "ControllingSourceTests" */;
			buildPhases = (
				BC88A2AD19881051002A59B8 /* Sources */,
				BC88A2AE19881051002A59B8 /* Frameworks */,
				BC88A2AF19881051002A59B8 /* Resources */,
			);
			buildRules = (
			);
			dependencies = (
				BC88A2B719881051002A59B8 /* PBXTargetDependency */,
			);
			name = ControllingSourceTests;
			productName = ControllingSourceTests;
			productReference = BC88A2B119881051002A59B8 /* ControllingSourceTests.xctest */;
			productType = "com.apple.product-type.bundle.unit-test";
		};
/* End PBXNativeTarget section */

/* Begin PBXProject section */
		BC88A28519881051002A59B8 /* Project object */ = {
			isa = PBXProject;
			attributes = {
				CLASSPREFIX = AVF;
				LastUpgradeCheck = 0510;
				ORGANIZATIONNAME = "Andre Ltda";
				TargetAttributes = {
					BC88A2B019881051002A59B8 = {
						TestTargetID = BC88A28C19881051002A59B8;
					};
				};
			};
			buildConfigurationList = BC88A28819881051002A59B8 /* Build configuration list for PBXProject "ControllingSource" */;
			compatibilityVersion = "Xcode 3.2";
			developmentRegion = English;
			hasScannedForEncodings = 0;
			knownRegions = (
				en,
				Base,
			);
			mainGroup = BC88A28419881051002A59B8;
			productRefGroup = BC88A28E19881051002A59B8 /* Products */;
			projectDirPath = "";
			projectRoot = "";
			targets = (
				BC88A28C19881051002A59B8 /* ControllingSource */,
				BC88A2B019881051002A59B8 /* ControllingSourceTests */,
			);
		};
/* End PBXProject section */

/* Begin PBXResourcesBuildPhase section */
		BC88A28B19881051002A59B8 /* Resources */ = {
			isa = PBXResourcesBuildPhase;
			buildActionMask = 2147483647;
			files = (
				BC88A2AC19881051002A59B8 /* Images.xcassets in Resources */,
				BC88A29B19881051002A59B8 /* InfoPlist.strings in Resources */,
				BC88A2A419881051002A59B8 /* Main.storyboard in Resources */,
			);
			runOnlyForDeploymentPostprocessing = 0;
		};
		BC88A2AF19881051002A59B8 /* Resources */ = {
			isa = PBXResourcesBuildPhase;
			buildActionMask = 2147483647;
			files = (
				BC88A2BD19881051002A59B8 /* InfoPlist.strings in Resources */,
			);
			runOnlyForDeploymentPostprocessing = 0;
		};
/* End PBXResourcesBuildPhase section */

/* Begin PBXSourcesBuildPhase section */
		BC88A28919881051002A59B8 /* Sources */ = {
			isa = PBXSourcesBuildPhase;
			buildActionMask = 2147483647;
			files = (
				BC88A2A119881051002A59B8 /* AVFAppDelegate.m in Sources */,
				BC88A2A719881051002A59B8 /* AVFMasterViewController.m in Sources */,
				BC88A29D19881051002A59B8 /* main.m in Sources */,
				BC88A2AA19881051002A59B8 /* AVFDetailViewController.m in Sources */,
			);
			runOnlyForDeploymentPostprocessing = 0;
		};
		BC88A2AD19881051002A59B8 /* Sources */ = {
			isa = PBXSourcesBuildPhase;
			buildActionMask = 2147483647;
			files = (
				BC88A2BF19881051002A59B8 /* ControllingSourceTests.m in Sources */,
			);
			runOnlyForDeploymentPostprocessing = 0;
		};
/* End PBXSourcesBuildPhase section */

/* Begin PBXTargetDependency section */
		BC88A2B719881051002A59B8 /* PBXTargetDependency */ = {
			isa = PBXTargetDependency;
			target = BC88A28C19881051002A59B8 /* ControllingSource */;
			targetProxy = BC88A2B619881051002A59B8 /* PBXContainerItemProxy */;
		};
/* End PBXTargetDependency section */

/* Begin PBXVariantGroup section */
		BC88A29919881051002A59B8 /* InfoPlist.strings */ = {
			isa = PBXVariantGroup;
			children = (
				BC88A29A19881051002A59B8 /* en */,
			);
			name = InfoPlist.strings;
			sourceTree = "<group>";
		};
		BC88A2A219881051002A59B8 /* Main.storyboard */ = {
			isa = PBXVariantGroup;
			children = (
				BC88A2A319881051002A59B8 /* Base */,
			);
			name = Main.storyboard;
			sourceTree = "<group>";
		};
		BC88A2BB19881051002A59B8 /* InfoPlist.strings */ = {
			isa = PBXVariantGroup;
			children = (
				BC88A2BC19881051002A59B8 /* en */,
			);
			name = InfoPlist.strings;
			sourceTree = "<group>";
		};
/* End PBXVariantGroup section */

/* Begin XCBuildConfiguration section */
		BC88A2C019881051002A59B8 /* Debug */ = {
			isa = XCBuildConfiguration;
			buildSettings = {
				ALWAYS_SEARCH_USER_PATHS = NO;
				CLANG_CXX_LANGUAGE_STANDARD = "gnu++0x";
				CLANG_CXX_LIBRARY = "libc++";
				CLANG_ENABLE_MODULES = YES;
				CLANG_ENABLE_OBJC_ARC = YES;
				CLANG_WARN_BOOL_CONVERSION = YES;
				CLANG_WARN_CONSTANT_CONVERSION = YES;
				CLANG_WARN_DIRECT_OBJC_ISA_USAGE = YES_ERROR;
				CLANG_WARN_EMPTY_BODY = YES;
				CLANG_WARN_ENUM_CONVERSION = YES;
				CLANG_WARN_INT_CONVERSION = YES;
				CLANG_WARN_OBJC_ROOT_CLASS = YES_ERROR;
				CLANG_WARN__DUPLICATE_METHOD_MATCH = YES;
				"CODE_SIGN_IDENTITY[sdk=iphoneos*]" = "iPhone Developer";
				COPY_PHASE_STRIP = NO;
				GCC_C_LANGUAGE_STANDARD = gnu99;
				GCC_DYNAMIC_NO_PIC = NO;
				GCC_OPTIMIZATION_LEVEL = 0;
				GCC_PREPROCESSOR_DEFINITIONS = (
					"DEBUG=1",
					"$(inherited)",
				);
				GCC_SYMBOLS_PRIVATE_EXTERN = NO;
				GCC_WARN_64_TO_32_BIT_CONVERSION = YES;
				GCC_WARN_ABOUT_RETURN_TYPE = YES_ERROR;
				GCC_WARN_UNDECLARED_SELECTOR = YES;
				GCC_WARN_UNINITIALIZED_AUTOS = YES_AGGRESSIVE;
				GCC_WARN_UNUSED_FUNCTION = YES;
				GCC_WARN_UNUSED_VARIABLE = YES;
				IPHONEOS_DEPLOYMENT_TARGET = 7.1;
				ONLY_ACTIVE_ARCH = YES;
				SDKROOT = iphoneos;
			};
			name = Debug;
		};
		BC88A2C119881051002A59B8 /* Release */ = {
			isa = XCBuildConfiguration;
			buildSettings = {
				ALWAYS_SEARCH_USER_PATHS = NO;
				CLANG_CXX_LANGUAGE_STANDARD = "gnu++0x";
				CLANG_CXX_LIBRARY = "libc++";
				CLANG_ENABLE_MODULES = YES;
				CLANG_ENABLE_OBJC_ARC = YES;
				CLANG_WARN_BOOL_CONVERSION = YES;
				CLANG_WARN_CONSTANT_CONVERSION = YES;
				CLANG_WARN_DIRECT_OBJC_ISA_USAGE = YES_ERROR;
				CLANG_WARN_EMPTY_BODY = YES;
				CLANG_WARN_ENUM_CONVERSION = YES;
				CLANG_WARN_INT_CONVERSION = YES;
				CLANG_WARN_OBJC_ROOT_CLASS = YES_ERROR;
				CLANG_WARN__DUPLICATE_METHOD_MATCH = YES;
				"CODE_SIGN_IDENTITY[sdk=iphoneos*]" = "iPhone Developer";
				COPY_PHASE_STRIP = YES;
				ENABLE_NS_ASSERTIONS = NO;
				GCC_C_LANGUAGE_STANDARD = gnu99;
				GCC_WARN_64_TO_32_BIT_CONVERSION = YES;
				GCC_WARN_ABOUT_RETURN_TYPE = YES_ERROR;
				GCC_WARN_UNDECLARED_SELECTOR = YES;
				GCC_WARN_UNINITIALIZED_AUTOS = YES_AGGRESSIVE;
				GCC_WARN_UNUSED_FUNCTION = YES;
				GCC_WARN_UNUSED_VARIABLE = YES;
				IPHONEOS_DEPLOYMENT_TARGET = 7.1;
				SDKROOT = iphoneos;
				VALIDATE_PRODUCT = YES;
			};
			name = Release;
		};
		BC88A2C319881051002A59B8 /* Debug */ = {
			isa = XCBuildConfiguration;
			buildSettings = {
				ASSETCATALOG_COMPILER_APPICON_NAME = AppIcon;
				ASSETCATALOG_COMPILER_LAUNCHIMAGE_NAME = LaunchImage;
				GCC_PRECOMPILE_PREFIX_HEADER = YES;
				GCC_PREFIX_HEADER = "ControllingSource/ControllingSource-Prefix.pch";
				INFOPLIST_FILE = "ControllingSource/ControllingSource-Info.plist";
				PRODUCT_NAME = "$(TARGET_NAME)";
				WRAPPER_EXTENSION = app;
			};
			name = Debug;
		};
		BC88A2C419881051002A59B8 /* Release */ = {
			isa = XCBuildConfiguration;
			buildSettings = {
				ASSETCATALOG_COMPILER_APPICON_NAME = AppIcon;
				ASSETCATALOG_COMPILER_LAUNCHIMAGE_NAME = LaunchImage;
				GCC_PRECOMPILE_PREFIX_HEADER = YES;
				GCC_PREFIX_HEADER = "ControllingSource/ControllingSource-Prefix.pch";
				INFOPLIST_FILE = "ControllingSource/ControllingSource-Info.plist";
				PRODUCT_NAME = "$(TARGET_NAME)";
				WRAPPER_EXTENSION = app;
			};
			name = Release;
		};
		BC88A2C619881051002A59B8 /* Debug */ = {
			isa = XCBuildConfiguration;
			buildSettings = {
				BUNDLE_LOADER = "$(BUILT_PRODUCTS_DIR)/ControllingSource.app/ControllingSource";
				FRAMEWORK_SEARCH_PATHS = (
					"$(SDKROOT)/Developer/Library/Frameworks",
					"$(inherited)",
					"$(DEVELOPER_FRAMEWORKS_DIR)",
				);
				GCC_PRECOMPILE_PREFIX_HEADER = YES;
				GCC_PREFIX_HEADER = "ControllingSource/ControllingSource-Prefix.pch";
				GCC_PREPROCESSOR_DEFINITIONS = (
					"DEBUG=1",
					"$(inherited)",
				);
				INFOPLIST_FILE = "ControllingSourceTests/ControllingSourceTests-Info.plist";
				PRODUCT_NAME = "$(TARGET_NAME)";
				TEST_HOST = "$(BUNDLE_LOADER)";
				WRAPPER_EXTENSION = xctest;
			};
			name = Debug;
		};
		BC88A2C719881051002A59B8 /* Release */ = {
			isa = XCBuildConfiguration;
			buildSettings = {
				BUNDLE_LOADER = "$(BUILT_PRODUCTS_DIR)/ControllingSource.app/ControllingSource";
				FRAMEWORK_SEARCH_PATHS = (
					"$(SDKROOT)/Developer/Library/Frameworks",
					"$(inherited)",
					"$(DEVELOPER_FRAMEWORKS_DIR)",
				);
				GCC_PRECOMPILE_PREFIX_HEADER = YES;
				GCC_PREFIX_HEADER = "ControllingSource/ControllingSource-Prefix.pch";
				INFOPLIST_FILE = "ControllingSourceTests/ControllingSourceTests-Info.plist";
				PRODUCT_NAME = "$(TARGET_NAME)";
				TEST_HOST = "$(BUNDLE_LOADER)";
				WRAPPER_EXTENSION = xctest;
			};
			name = Release;
		};
/* End XCBuildConfiguration section */

/* Begin XCConfigurationList section */
		BC88A28819881051002A59B8 /* Build configuration list for PBXProject "ControllingSource" */ = {
			isa = XCConfigurationList;
			buildConfigurations = (
				BC88A2C019881051002A59B8 /* Debug */,
				BC88A2C119881051002A59B8 /* Release */,
			);
			defaultConfigurationIsVisible = 0;
			defaultConfigurationName = Release;
		};
		BC88A2C219881051002A59B8 /* Build configuration list for PBXNativeTarget "ControllingSource" */ = {
			isa = XCConfigurationList;
			buildConfigurations = (
				BC88A2C319881051002A59B8 /* Debug */,
				BC88A2C419881051002A59B8 /* Release */,
			);
			defaultConfigurationIsVisible = 0;
			defaultConfigurationName = Release;
		};
		BC88A2C519881051002A59B8 /* Build configuration list for PBXNativeTarget "ControllingSourceTests" */ = {
			isa = XCConfigurationList;
			buildConfigurations = (
				BC88A2C619881051002A59B8 /* Debug */,
				BC88A2C719881051002A59B8 /* Release */,
			);
			defaultConfigurationIsVisible = 0;
			defaultConfigurationName = Release;
		};
/* End XCConfigurationList section */
	};
	rootObject = BC88A28519881051002A59B8 /* Project object */;
}
